
Microsoft Visual Studio Solution File, Format Version 12.00
# Visual Studio Version 17
VisualStudioVersion = 17.13.35825.156 d17.13
MinimumVisualStudioVersion = 10.0.40219.1
Project("{FAE04EC0-301F-11D3-BF4B-00C04F79EFBC}") = "WinFormsApp1", "WinFormsApp1\WinFormsApp1.csproj", "{97985923-26A6-4A1E-BFA3-8B24F7B56499}"
EndProject
Global
	GlobalSection(SolutionConfigurationPlatforms) = preSolution
		Debug|Any CPU = Debug|Any CPU
		Release|Any CPU = Release|Any CPU
	EndGlobalSection
	GlobalSection(ProjectConfigurationPlatforms) = postSolution
		{97985923-26A6-4A1E-BFA3-8B24F7B56499}.Debug|Any CPU.ActiveCfg = Debug|Any CPU
		{97985923-26A6-4A1E-BFA3-8B24F7B56499}.Debug|Any CPU.Build.0 = Debug|Any CPU
		{97985923-26A6-4A1E-BFA3-8B24F7B56499}.Release|Any CPU.ActiveCfg = Release|Any CPU
		{97985923-26A6-4A1E-BFA3-8B24F7B56499}.Release|Any CPU.Build.0 = Release|Any CPU
	EndGlobalSection
	GlobalSection(SolutionProperties) = preSolution
		HideSolutionNode = FALSE
	EndGlobalSection
	GlobalSection(ExtensibilityGlobals) = postSolution
		SolutionGuid = {16859D52-B12D-4A31-8ADC-AB55A2E7420B}
	EndGlobalSection
EndGlobal
